
Microsoft Visual Studio Solution File, Format Version 12.00
# Visual Studio 15
VisualStudioVersion = 15.0.27428.2011
MinimumVisualStudioVersion = 10.0.40219.1
Project("{FAE04EC0-301F-11D3-BF4B-00C04F79EFBC}") = "FaceIdentifier.Android", "FaceIdentifier\FaceIdentifier.Android\FaceIdentifier.Android.csproj", "{0794F683-82F8-4A07-B24E-3EF89FF2B717}"
EndProject
Project("{FAE04EC0-301F-11D3-BF4B-00C04F79EFBC}") = "FaceIdentifier.iOS", "FaceIdentifier\FaceIdentifier.iOS\FaceIdentifier.iOS.csproj", "{ACE59760-7A54-43DE-BE46-C0016ED5188E}"
EndProject
Project("{FAE04EC0-301F-11D3-BF4B-00C04F79EFBC}") = "FaceIdentifier.UWP", "FaceIdentifier\FaceIdentifier.UWP\FaceIdentifier.UWP.csproj", "{1225E2B2-B92D-41E5-BFDC-B6F23CBDB042}"
EndProject
Project("{FAE04EC0-301F-11D3-BF4B-00C04F79EFBC}") = "FaceIdentifier", "FaceIdentifier\FaceIdentifier\FaceIdentifier.csproj", "{4B22F856-A7D0-46E2-B19D-96F15A46091D}"
EndProject
Global
	GlobalSection(SolutionConfigurationPlatforms) = preSolution
		Ad-Hoc|Any CPU = Ad-Hoc|Any CPU
		Ad-Hoc|ARM = Ad-Hoc|ARM
		Ad-Hoc|iPhone = Ad-Hoc|iPhone
		Ad-Hoc|iPhoneSimulator = Ad-Hoc|iPhoneSimulator
		Ad-Hoc|x64 = Ad-Hoc|x64
		Ad-Hoc|x86 = Ad-Hoc|x86
		AppStore|Any CPU = AppStore|Any CPU
		AppStore|ARM = AppStore|ARM
		AppStore|iPhone = AppStore|iPhone
		AppStore|iPhoneSimulator = AppStore|iPhoneSimulator
		AppStore|x64 = AppStore|x64
		AppStore|x86 = AppStore|x86
		Debug|Any CPU = Debug|Any CPU
		Debug|ARM = Debug|ARM
		Debug|iPhone = Debug|iPhone
		Debug|iPhoneSimulator = Debug|iPhoneSimulator
		Debug|x64 = Debug|x64
		Debug|x86 = Debug|x86
		Release|Any CPU = Release|Any CPU
		Release|ARM = Release|ARM
		Release|iPhone = Release|iPhone
		Release|iPhoneSimulator = Release|iPhoneSimulator
		Release|x64 = Release|x64
		Release|x86 = Release|x86
	EndGlobalSection
	GlobalSection(ProjectConfigurationPlatforms) = postSolution
		{0794F683-82F8-4A07-B24E-3EF89FF2B717}.Ad-Hoc|Any CPU.ActiveCfg = Release|Any CPU
		{0794F683-82F8-4A07-B24E-3EF89FF2B717}.Ad-Hoc|Any CPU.Build.0 = Release|Any CPU
		{0794F683-82F8-4A07-B24E-3EF89FF2B717}.Ad-Hoc|Any CPU.Deploy.0 = Release|Any CPU
		{0794F683-82F8-4A07-B24E-3EF89FF2B717}.Ad-Hoc|ARM.ActiveCfg = Release|Any CPU
		{0794F683-82F8-4A07-B24E-3EF89FF2B717}.Ad-Hoc|ARM.Build.0 = Release|Any CPU
		{0794F683-82F8-4A07-B24E-3EF89FF2B717}.Ad-Hoc|ARM.Deploy.0 = Release|Any CPU
		{0794F683-82F8-4A07-B24E-3EF89FF2B717}.Ad-Hoc|iPhone.ActiveCfg = Release|Any CPU
		{0794F683-82F8-4A07-B24E-3EF89FF2B717}.Ad-Hoc|iPhone.Build.0 = Release|Any CPU
		{0794F683-82F8-4A07-B24E-3EF89FF2B717}.Ad-Hoc|iPhone.Deploy.0 = Release|Any CPU
		{0794F683-82F8-4A07-B24E-3EF89FF2B717}.Ad-Hoc|iPhoneSimulator.ActiveCfg = Release|Any CPU
		{0794F683-82F8-4A07-B24E-3EF89FF2B717}.Ad-Hoc|iPhoneSimulator.Build.0 = Release|Any CPU
		{0794F683-82F8-4A07-B24E-3EF89FF2B717}.Ad-Hoc|iPhoneSimulator.Deploy.0 = Release|Any CPU
		{0794F683-82F8-4A07-B24E-3EF89FF2B717}.Ad-Hoc|x64.ActiveCfg = Release|Any CPU
		{0794F683-82F8-4A07-B24E-3EF89FF2B717}.Ad-Hoc|x64.Build.0 = Release|Any CPU
		{0794F683-82F8-4A07-B24E-3EF89FF2B717}.Ad-Hoc|x64.Deploy.0 = Release|Any CPU
		{0794F683-82F8-4A07-B24E-3EF89FF2B717}.Ad-Hoc|x86.ActiveCfg = Release|Any CPU
		{0794F683-82F8-4A07-B24E-3EF89FF2B717}.Ad-Hoc|x86.Build.0 = Release|Any CPU
		{0794F683-82F8-4A07-B24E-3EF89FF2B717}.Ad-Hoc|x86.Deploy.0 = Release|Any CPU
		{0794F683-82F8-4A07-B24E-3EF89FF2B717}.AppStore|Any CPU.ActiveCfg = Release|Any CPU
		{0794F683-82F8-4A07-B24E-3EF89FF2B717}.AppStore|Any CPU.Build.0 = Release|Any CPU
		{0794F683-82F8-4A07-B24E-3EF89FF2B717}.AppStore|Any CPU.Deploy.0 = Release|Any CPU
		{0794F683-82F8-4A07-B24E-3EF89FF2B717}.AppStore|ARM.ActiveCfg = Release|Any CPU
		{0794F683-82F8-4A07-B24E-3EF89FF2B717}.AppStore|ARM.Build.0 = Release|Any CPU
		{0794F683-82F8-4A07-B24E-3EF89FF2B717}.AppStore|ARM.Deploy.0 = Release|Any CPU
		{0794F683-82F8-4A07-B24E-3EF89FF2B717}.AppStore|iPhone.ActiveCfg = Release|Any CPU
		{0794F683-82F8-4A07-B24E-3EF89FF2B717}.AppStore|iPhone.Build.0 = Release|Any CPU
		{0794F683-82F8-4A07-B24E-3EF89FF2B717}.AppStore|iPhone.Deploy.0 = Release|Any CPU
		{0794F683-82F8-4A07-B24E-3EF89FF2B717}.AppStore|iPhoneSimulator.ActiveCfg = Release|Any CPU
		{0794F683-82F8-4A07-B24E-3EF89FF2B717}.AppStore|iPhoneSimulator.Build.0 = Release|Any CPU
		{0794F683-82F8-4A07-B24E-3EF89FF2B717}.AppStore|iPhoneSimulator.Deploy.0 = Release|Any CPU
		{0794F683-82F8-4A07-B24E-3EF89FF2B717}.AppStore|x64.ActiveCfg = Release|Any CPU
		{0794F683-82F8-4A07-B24E-3EF89FF2B717}.AppStore|x64.Build.0 = Release|Any CPU
		{0794F683-82F8-4A07-B24E-3EF89FF2B717}.AppStore|x64.Deploy.0 = Release|Any CPU
		{0794F683-82F8-4A07-B24E-3EF89FF2B717}.AppStore|x86.ActiveCfg = Release|Any CPU
		{0794F683-82F8-4A07-B24E-3EF89FF2B717}.AppStore|x86.Build.0 = Release|Any CPU
		{0794F683-82F8-4A07-B24E-3EF89FF2B717}.AppStore|x86.Deploy.0 = Release|Any CPU
		{0794F683-82F8-4A07-B24E-3EF89FF2B717}.Debug|Any CPU.ActiveCfg = Debug|Any CPU
		{0794F683-82F8-4A07-B24E-3EF89FF2B717}.Debug|Any CPU.Build.0 = Debug|Any CPU
		{0794F683-82F8-4A07-B24E-3EF89FF2B717}.Debug|Any CPU.Deploy.0 = Debug|Any CPU
		{0794F683-82F8-4A07-B24E-3EF89FF2B717}.Debug|ARM.ActiveCfg = Debug|Any CPU
		{0794F683-82F8-4A07-B24E-3EF89FF2B717}.Debug|ARM.Build.0 = Debug|Any CPU
		{0794F683-82F8-4A07-B24E-3EF89FF2B717}.Debug|ARM.Deploy.0 = Debug|Any CPU
		{0794F683-82F8-4A07-B24E-3EF89FF2B717}.Debug|iPhone.ActiveCfg = Debug|Any CPU
		{0794F683-82F8-4A07-B24E-3EF89FF2B717}.Debug|iPhone.Build.0 = Debug|Any CPU
		{0794F683-82F8-4A07-B24E-3EF89FF2B717}.Debug|iPhone.Deploy.0 = Debug|Any CPU
		{0794F683-82F8-4A07-B24E-3EF89FF2B717}.Debug|iPhoneSimulator.ActiveCfg = Debug|Any CPU
		{0794F683-82F8-4A07-B24E-3EF89FF2B717}.Debug|iPhoneSimulator.Build.0 = Debug|Any CPU
		{0794F683-82F8-4A07-B24E-3EF89FF2B717}.Debug|iPhoneSimulator.Deploy.0 = Debug|Any CPU
		{0794F683-82F8-4A07-B24E-3EF89FF2B717}.Debug|x64.ActiveCfg = Debug|Any CPU
		{0794F683-82F8-4A07-B24E-3EF89FF2B717}.Debug|x64.Build.0 = Debug|Any CPU
		{0794F683-82F8-4A07-B24E-3EF89FF2B717}.Debug|x64.Deploy.0 = Debug|Any CPU
		{0794F683-82F8-4A07-B24E-3EF89FF2B717}.Debug|x86.ActiveCfg = Debug|Any CPU
		{0794F683-82F8-4A07-B24E-3EF89FF2B717}.Debug|x86.Build.0 = Debug|Any CPU
		{0794F683-82F8-4A07-B24E-3EF89FF2B717}.Debug|x86.Deploy.0 = Debug|Any CPU
		{0794F683-82F8-4A07-B24E-3EF89FF2B717}.Release|Any CPU.ActiveCfg = Release|Any CPU
		{0794F683-82F8-4A07-B24E-3EF89FF2B717}.Release|Any CPU.Build.0 = Release|Any CPU
		{0794F683-82F8-4A07-B24E-3EF89FF2B717}.Release|Any CPU.Deploy.0 = Release|Any CPU
		{0794F683-82F8-4A07-B24E-3EF89FF2B717}.Release|ARM.ActiveCfg = Release|Any CPU
		{0794F683-82F8-4A07-B24E-3EF89FF2B717}.Release|ARM.Build.0 = Release|Any CPU
		{0794F683-82F8-4A07-B24E-3EF89FF2B717}.Release|ARM.Deploy.0 = Release|Any CPU
		{0794F683-82F8-4A07-B24E-3EF89FF2B717}.Release|iPhone.ActiveCfg = Release|Any CPU
		{0794F683-82F8-4A07-B24E-3EF89FF2B717}.Release|iPhone.Build.0 = Release|Any CPU
		{0794F683-82F8-4A07-B24E-3EF89FF2B717}.Release|iPhone.Deploy.0 = Release|Any CPU
		{0794F683-82F8-4A07-B24E-3EF89FF2B717}.Release|iPhoneSimulator.ActiveCfg = Release|Any CPU
		{0794F683-82F8-4A07-B24E-3EF89FF2B717}.Release|iPhoneSimulator.Build.0 = Release|Any CPU
		{0794F683-82F8-4A07-B24E-3EF89FF2B717}.Release|iPhoneSimulator.Deploy.0 = Release|Any CPU
		{0794F683-82F8-4A07-B24E-3EF89FF2B717}.Release|x64.ActiveCfg = Release|Any CPU
		{0794F683-82F8-4A07-B24E-3EF89FF2B717}.Release|x64.Build.0 = Release|Any CPU
		{0794F683-82F8-4A07-B24E-3EF89FF2B717}.Release|x64.Deploy.0 = Release|Any CPU
		{0794F683-82F8-4A07-B24E-3EF89FF2B717}.Release|x86.ActiveCfg = Release|Any CPU
		{0794F683-82F8-4A07-B24E-3EF89FF2B717}.Release|x86.Build.0 = Release|Any CPU
		{0794F683-82F8-4A07-B24E-3EF89FF2B717}.Release|x86.Deploy.0 = Release|Any CPU
		{ACE59760-7A54-43DE-BE46-C0016ED5188E}.Ad-Hoc|Any CPU.ActiveCfg = Ad-Hoc|iPhone
		{ACE59760-7A54-43DE-BE46-C0016ED5188E}.Ad-Hoc|ARM.ActiveCfg = Ad-Hoc|iPhone
		{ACE59760-7A54-43DE-BE46-C0016ED5188E}.Ad-Hoc|iPhone.ActiveCfg = Ad-Hoc|iPhone
		{ACE59760-7A54-43DE-BE46-C0016ED5188E}.Ad-Hoc|iPhone.Build.0 = Ad-Hoc|iPhone
		{ACE59760-7A54-43DE-BE46-C0016ED5188E}.Ad-Hoc|iPhoneSimulator.ActiveCfg = Ad-Hoc|iPhoneSimulator
		{ACE59760-7A54-43DE-BE46-C0016ED5188E}.Ad-Hoc|iPhoneSimulator.Build.0 = Ad-Hoc|iPhoneSimulator
		{ACE59760-7A54-43DE-BE46-C0016ED5188E}.Ad-Hoc|x64.ActiveCfg = Ad-Hoc|iPhone
		{ACE59760-7A54-43DE-BE46-C0016ED5188E}.Ad-Hoc|x86.ActiveCfg = Ad-Hoc|iPhone
		{ACE59760-7A54-43DE-BE46-C0016ED5188E}.AppStore|Any CPU.ActiveCfg = AppStore|iPhone
		{ACE59760-7A54-43DE-BE46-C0016ED5188E}.AppStore|ARM.ActiveCfg = AppStore|iPhone
		{ACE59760-7A54-43DE-BE46-C0016ED5188E}.AppStore|iPhone.ActiveCfg = AppStore|iPhone
		{ACE59760-7A54-43DE-BE46-C0016ED5188E}.AppStore|iPhone.Build.0 = AppStore|iPhone
		{ACE59760-7A54-43DE-BE46-C0016ED5188E}.AppStore|iPhoneSimulator.ActiveCfg = AppStore|iPhoneSimulator
		{ACE59760-7A54-43DE-BE46-C0016ED5188E}.AppStore|iPhoneSimulator.Build.0 = AppStore|iPhoneSimulator
		{ACE59760-7A54-43DE-BE46-C0016ED5188E}.AppStore|x64.ActiveCfg = AppStore|iPhone
		{ACE59760-7A54-43DE-BE46-C0016ED5188E}.AppStore|x86.ActiveCfg = AppStore|iPhone
		{ACE59760-7A54-43DE-BE46-C0016ED5188E}.Debug|Any CPU.ActiveCfg = Debug|iPhone
		{ACE59760-7A54-43DE-BE46-C0016ED5188E}.Debug|ARM.ActiveCfg = Debug|iPhone
		{ACE59760-7A54-43DE-BE46-C0016ED5188E}.Debug|iPhone.ActiveCfg = Debug|iPhone
		{ACE59760-7A54-43DE-BE46-C0016ED5188E}.Debug|iPhone.Build.0 = Debug|iPhone
		{ACE59760-7A54-43DE-BE46-C0016ED5188E}.Debug|iPhoneSimulator.ActiveCfg = Debug|iPhoneSimulator
		{ACE59760-7A54-43DE-BE46-C0016ED5188E}.Debug|iPhoneSimulator.Build.0 = Debug|iPhoneSimulator
		{ACE59760-7A54-43DE-BE46-C0016ED5188E}.Debug|x64.ActiveCfg = Debug|iPhone
		{ACE59760-7A54-43DE-BE46-C0016ED5188E}.Debug|x86.ActiveCfg = Debug|iPhone
		{ACE59760-7A54-43DE-BE46-C0016ED5188E}.Release|Any CPU.ActiveCfg = Release|iPhone
		{ACE59760-7A54-43DE-BE46-C0016ED5188E}.Release|ARM.ActiveCfg = Release|iPhone
		{ACE59760-7A54-43DE-BE46-C0016ED5188E}.Release|iPhone.ActiveCfg = Release|iPhone
		{ACE59760-7A54-43DE-BE46-C0016ED5188E}.Release|iPhone.Build.0 = Release|iPhone
		{ACE59760-7A54-43DE-BE46-C0016ED5188E}.Release|iPhoneSimulator.ActiveCfg = Release|iPhoneSimulator
		{ACE59760-7A54-43DE-BE46-C0016ED5188E}.Release|iPhoneSimulator.Build.0 = Release|iPhoneSimulator
		{ACE59760-7A54-43DE-BE46-C0016ED5188E}.Release|x64.ActiveCfg = Release|iPhone
		{ACE59760-7A54-43DE-BE46-C0016ED5188E}.Release|x86.ActiveCfg = Release|iPhone
		{1225E2B2-B92D-41E5-BFDC-B6F23CBDB042}.Ad-Hoc|Any CPU.ActiveCfg = Release|x86
		{1225E2B2-B92D-41E5-BFDC-B6F23CBDB042}.Ad-Hoc|Any CPU.Build.0 = Release|x86
		{1225E2B2-B92D-41E5-BFDC-B6F23CBDB042}.Ad-Hoc|Any CPU.Deploy.0 = Release|x86
		{1225E2B2-B92D-41E5-BFDC-B6F23CBDB042}.Ad-Hoc|ARM.ActiveCfg = Release|ARM
		{1225E2B2-B92D-41E5-BFDC-B6F23CBDB042}.Ad-Hoc|ARM.Build.0 = Release|ARM
		{1225E2B2-B92D-41E5-BFDC-B6F23CBDB042}.Ad-Hoc|ARM.Deploy.0 = Release|ARM
		{1225E2B2-B92D-41E5-BFDC-B6F23CBDB042}.Ad-Hoc|iPhone.ActiveCfg = Release|x86
		{1225E2B2-B92D-41E5-BFDC-B6F23CBDB042}.Ad-Hoc|iPhone.Build.0 = Release|x86
		{1225E2B2-B92D-41E5-BFDC-B6F23CBDB042}.Ad-Hoc|iPhone.Deploy.0 = Release|x86
		{1225E2B2-B92D-41E5-BFDC-B6F23CBDB042}.Ad-Hoc|iPhoneSimulator.ActiveCfg = Release|x86
		{1225E2B2-B92D-41E5-BFDC-B6F23CBDB042}.Ad-Hoc|iPhoneSimulator.Build.0 = Release|x86
		{1225E2B2-B92D-41E5-BFDC-B6F23CBDB042}.Ad-Hoc|iPhoneSimulator.Deploy.0 = Release|x86
		{1225E2B2-B92D-41E5-BFDC-B6F23CBDB042}.Ad-Hoc|x64.ActiveCfg = Release|x64
		{1225E2B2-B92D-41E5-BFDC-B6F23CBDB042}.Ad-Hoc|x64.Build.0 = Release|x64
		{1225E2B2-B92D-41E5-BFDC-B6F23CBDB042}.Ad-Hoc|x64.Deploy.0 = Release|x64
		{1225E2B2-B92D-41E5-BFDC-B6F23CBDB042}.Ad-Hoc|x86.ActiveCfg = Release|x86
		{1225E2B2-B92D-41E5-BFDC-B6F23CBDB042}.Ad-Hoc|x86.Build.0 = Release|x86
		{1225E2B2-B92D-41E5-BFDC-B6F23CBDB042}.Ad-Hoc|x86.Deploy.0 = Release|x86
		{1225E2B2-B92D-41E5-BFDC-B6F23CBDB042}.AppStore|Any CPU.ActiveCfg = Release|x86
		{1225E2B2-B92D-41E5-BFDC-B6F23CBDB042}.AppStore|Any CPU.Build.0 = Release|x86
		{1225E2B2-B92D-41E5-BFDC-B6F23CBDB042}.AppStore|Any CPU.Deploy.0 = Release|x86
		{1225E2B2-B92D-41E5-BFDC-B6F23CBDB042}.AppStore|ARM.ActiveCfg = Release|ARM
		{1225E2B2-B92D-41E5-BFDC-B6F23CBDB042}.AppStore|ARM.Build.0 = Release|ARM
		{1225E2B2-B92D-41E5-BFDC-B6F23CBDB042}.AppStore|ARM.Deploy.0 = Release|ARM
		{1225E2B2-B92D-41E5-BFDC-B6F23CBDB042}.AppStore|iPhone.ActiveCfg = Release|x86
		{1225E2B2-B92D-41E5-BFDC-B6F23CBDB042}.AppStore|iPhone.Build.0 = Release|x86
		{1225E2B2-B92D-41E5-BFDC-B6F23CBDB042}.AppStore|iPhone.Deploy.0 = Release|x86
		{1225E2B2-B92D-41E5-BFDC-B6F23CBDB042}.AppStore|iPhoneSimulator.ActiveCfg = Release|x86
		{1225E2B2-B92D-41E5-BFDC-B6F23CBDB042}.AppStore|iPhoneSimulator.Build.0 = Release|x86
		{1225E2B2-B92D-41E5-BFDC-B6F23CBDB042}.AppStore|iPhoneSimulator.Deploy.0 = Release|x86
		{1225E2B2-B92D-41E5-BFDC-B6F23CBDB042}.AppStore|x64.ActiveCfg = Release|x64
		{1225E2B2-B92D-41E5-BFDC-B6F23CBDB042}.AppStore|x64.Build.0 = Release|x64
		{1225E2B2-B92D-41E5-BFDC-B6F23CBDB042}.AppStore|x64.Deploy.0 = Release|x64
		{1225E2B2-B92D-41E5-BFDC-B6F23CBDB042}.AppStore|x86.ActiveCfg = Release|x86
		{1225E2B2-B92D-41E5-BFDC-B6F23CBDB042}.AppStore|x86.Build.0 = Release|x86
		{1225E2B2-B92D-41E5-BFDC-B6F23CBDB042}.AppStore|x86.Deploy.0 = Release|x86
		{1225E2B2-B92D-41E5-BFDC-B6F23CBDB042}.Debug|Any CPU.ActiveCfg = Debug|x86
		{1225E2B2-B92D-41E5-BFDC-B6F23CBDB042}.Debug|ARM.ActiveCfg = Debug|ARM
		{1225E2B2-B92D-41E5-BFDC-B6F23CBDB042}.Debug|ARM.Build.0 = Debug|ARM
		{1225E2B2-B92D-41E5-BFDC-B6F23CBDB042}.Debug|ARM.Deploy.0 = Debug|ARM
		{1225E2B2-B92D-41E5-BFDC-B6F23CBDB042}.Debug|iPhone.ActiveCfg = Debug|x86
		{1225E2B2-B92D-41E5-BFDC-B6F23CBDB042}.Debug|iPhoneSimulator.ActiveCfg = Debug|x86
		{1225E2B2-B92D-41E5-BFDC-B6F23CBDB042}.Debug|x64.ActiveCfg = Debug|x64
		{1225E2B2-B92D-41E5-BFDC-B6F23CBDB042}.Debug|x64.Build.0 = Debug|x64
		{1225E2B2-B92D-41E5-BFDC-B6F23CBDB042}.Debug|x64.Deploy.0 = Debug|x64
		{1225E2B2-B92D-41E5-BFDC-B6F23CBDB042}.Debug|x86.ActiveCfg = Debug|x86
		{1225E2B2-B92D-41E5-BFDC-B6F23CBDB042}.Debug|x86.Build.0 = Debug|x86
		{1225E2B2-B92D-41E5-BFDC-B6F23CBDB042}.Debug|x86.Deploy.0 = Debug|x86
		{1225E2B2-B92D-41E5-BFDC-B6F23CBDB042}.Release|Any CPU.ActiveCfg = Release|x86
		{1225E2B2-B92D-41E5-BFDC-B6F23CBDB042}.Release|ARM.ActiveCfg = Release|ARM
		{1225E2B2-B92D-41E5-BFDC-B6F23CBDB042}.Release|ARM.Build.0 = Release|ARM
		{1225E2B2-B92D-41E5-BFDC-B6F23CBDB042}.Release|ARM.Deploy.0 = Release|ARM
		{1225E2B2-B92D-41E5-BFDC-B6F23CBDB042}.Release|iPhone.ActiveCfg = Release|x86
		{1225E2B2-B92D-41E5-BFDC-B6F23CBDB042}.Release|iPhoneSimulator.ActiveCfg = Release|x86
		{1225E2B2-B92D-41E5-BFDC-B6F23CBDB042}.Release|x64.ActiveCfg = Release|x64
		{1225E2B2-B92D-41E5-BFDC-B6F23CBDB042}.Release|x64.Build.0 = Release|x64
		{1225E2B2-B92D-41E5-BFDC-B6F23CBDB042}.Release|x64.Deploy.0 = Release|x64
		{1225E2B2-B92D-41E5-BFDC-B6F23CBDB042}.Release|x86.ActiveCfg = Release|x86
		{1225E2B2-B92D-41E5-BFDC-B6F23CBDB042}.Release|x86.Build.0 = Release|x86
		{1225E2B2-B92D-41E5-BFDC-B6F23CBDB042}.Release|x86.Deploy.0 = Release|x86
		{4B22F856-A7D0-46E2-B19D-96F15A46091D}.Ad-Hoc|Any CPU.ActiveCfg = Debug|Any CPU
		{4B22F856-A7D0-46E2-B19D-96F15A46091D}.Ad-Hoc|Any CPU.Build.0 = Debug|Any CPU
		{4B22F856-A7D0-46E2-B19D-96F15A46091D}.Ad-Hoc|ARM.ActiveCfg = Debug|Any CPU
		{4B22F856-A7D0-46E2-B19D-96F15A46091D}.Ad-Hoc|ARM.Build.0 = Debug|Any CPU
		{4B22F856-A7D0-46E2-B19D-96F15A46091D}.Ad-Hoc|iPhone.ActiveCfg = Debug|Any CPU
		{4B22F856-A7D0-46E2-B19D-96F15A46091D}.Ad-Hoc|iPhone.Build.0 = Debug|Any CPU
		{4B22F856-A7D0-46E2-B19D-96F15A46091D}.Ad-Hoc|iPhoneSimulator.ActiveCfg = Debug|Any CPU
		{4B22F856-A7D0-46E2-B19D-96F15A46091D}.Ad-Hoc|iPhoneSimulator.Build.0 = Debug|Any CPU
		{4B22F856-A7D0-46E2-B19D-96F15A46091D}.Ad-Hoc|x64.ActiveCfg = Debug|Any CPU
		{4B22F856-A7D0-46E2-B19D-96F15A46091D}.Ad-Hoc|x64.Build.0 = Debug|Any CPU
		{4B22F856-A7D0-46E2-B19D-96F15A46091D}.Ad-Hoc|x86.ActiveCfg = Debug|Any CPU
		{4B22F856-A7D0-46E2-B19D-96F15A46091D}.Ad-Hoc|x86.Build.0 = Debug|Any CPU
		{4B22F856-A7D0-46E2-B19D-96F15A46091D}.AppStore|Any CPU.ActiveCfg = Debug|Any CPU
		{4B22F856-A7D0-46E2-B19D-96F15A46091D}.AppStore|Any CPU.Build.0 = Debug|Any CPU
		{4B22F856-A7D0-46E2-B19D-96F15A46091D}.AppStore|ARM.ActiveCfg = Debug|Any CPU
		{4B22F856-A7D0-46E2-B19D-96F15A46091D}.AppStore|ARM.Build.0 = Debug|Any CPU
		{4B22F856-A7D0-46E2-B19D-96F15A46091D}.AppStore|iPhone.ActiveCfg = Debug|Any CPU
		{4B22F856-A7D0-46E2-B19D-96F15A46091D}.AppStore|iPhone.Build.0 = Debug|Any CPU
		{4B22F856-A7D0-46E2-B19D-96F15A46091D}.AppStore|iPhoneSimulator.ActiveCfg = Debug|Any CPU
		{4B22F856-A7D0-46E2-B19D-96F15A46091D}.AppStore|iPhoneSimulator.Build.0 = Debug|Any CPU
		{4B22F856-A7D0-46E2-B19D-96F15A46091D}.AppStore|x64.ActiveCfg = Debug|Any CPU
		{4B22F856-A7D0-46E2-B19D-96F15A46091D}.AppStore|x64.Build.0 = Debug|Any CPU
		{4B22F856-A7D0-46E2-B19D-96F15A46091D}.AppStore|x86.ActiveCfg = Debug|Any CPU
		{4B22F856-A7D0-46E2-B19D-96F15A46091D}.AppStore|x86.Build.0 = Debug|Any CPU
		{4B22F856-A7D0-46E2-B19D-96F15A46091D}.Debug|Any CPU.ActiveCfg = Debug|Any CPU
		{4B22F856-A7D0-46E2-B19D-96F15A46091D}.Debug|Any CPU.Build.0 = Debug|Any CPU
		{4B22F856-A7D0-46E2-B19D-96F15A46091D}.Debug|ARM.ActiveCfg = Debug|Any CPU
		{4B22F856-A7D0-46E2-B19D-96F15A46091D}.Debug|ARM.Build.0 = Debug|Any CPU
		{4B22F856-A7D0-46E2-B19D-96F15A46091D}.Debug|iPhone.ActiveCfg = Debug|Any CPU
		{4B22F856-A7D0-46E2-B19D-96F15A46091D}.Debug|iPhone.Build.0 = Debug|Any CPU
		{4B22F856-A7D0-46E2-B19D-96F15A46091D}.Debug|iPhoneSimulator.ActiveCfg = Debug|Any CPU
		{4B22F856-A7D0-46E2-B19D-96F15A46091D}.Debug|iPhoneSimulator.Build.0 = Debug|Any CPU
		{4B22F856-A7D0-46E2-B19D-96F15A46091D}.Debug|x64.ActiveCfg = Debug|Any CPU
		{4B22F856-A7D0-46E2-B19D-96F15A46091D}.Debug|x64.Build.0 = Debug|Any CPU
		{4B22F856-A7D0-46E2-B19D-96F15A46091D}.Debug|x86.ActiveCfg = Debug|Any CPU
		{4B22F856-A7D0-46E2-B19D-96F15A46091D}.Debug|x86.Build.0 = Debug|Any CPU
		{4B22F856-A7D0-46E2-B19D-96F15A46091D}.Release|Any CPU.ActiveCfg = Release|Any CPU
		{4B22F856-A7D0-46E2-B19D-96F15A46091D}.Release|Any CPU.Build.0 = Release|Any CPU
		{4B22F856-A7D0-46E2-B19D-96F15A46091D}.Release|ARM.ActiveCfg = Release|Any CPU
		{4B22F856-A7D0-46E2-B19D-96F15A46091D}.Release|ARM.Build.0 = Release|Any CPU
		{4B22F856-A7D0-46E2-B19D-96F15A46091D}.Release|iPhone.ActiveCfg = Release|Any CPU
		{4B22F856-A7D0-46E2-B19D-96F15A46091D}.Release|iPhone.Build.0 = Release|Any CPU
		{4B22F856-A7D0-46E2-B19D-96F15A46091D}.Release|iPhoneSimulator.ActiveCfg = Release|Any CPU
		{4B22F856-A7D0-46E2-B19D-96F15A46091D}.Release|iPhoneSimulator.Build.0 = Release|Any CPU
		{4B22F856-A7D0-46E2-B19D-96F15A46091D}.Release|x64.ActiveCfg = Release|Any CPU
		{4B22F856-A7D0-46E2-B19D-96F15A46091D}.Release|x64.Build.0 = Release|Any CPU
		{4B22F856-A7D0-46E2-B19D-96F15A46091D}.Release|x86.ActiveCfg = Release|Any CPU
		{4B22F856-A7D0-46E2-B19D-96F15A46091D}.Release|x86.Build.0 = Release|Any CPU
	EndGlobalSection
	GlobalSection(SolutionProperties) = preSolution
		HideSolutionNode = FALSE
	EndGlobalSection
	GlobalSection(ExtensibilityGlobals) = postSolution
		SolutionGuid = {C47D7277-51B6-46BB-B444-5C8C66DEF7BC}
	EndGlobalSection
EndGlobal
